# THIS IS AN AUTOGENERATED FILE. DO NOT EDIT THIS FILE DIRECTLY.
# yarn lockfile v1


"@types/blueimp-md5@^2.7.0":
  version "2.7.0"
  resolved "https://registry.yarnpkg.com/@types/blueimp-md5/-/blueimp-md5-2.7.0.tgz#404222806800478ca2782e8ad46590aba7f14627"

blueimp-md5@^2.10.0:
  version "2.10.0"
  resolved "https://registry.yarnpkg.com/blueimp-md5/-/blueimp-md5-2.10.0.tgz#02f0843921f90dca14f5b8920a38593201d6964d"

translation.js@^0.6.8:
  version "0.6.8"
  resolved "https://registry.yarnpkg.com/translation.js/-/translation.js-0.6.8.tgz#23d3eb09c0735967c7dec394fe24eb6b34f63813"
  dependencies:
    "@types/blueimp-md5" "^2.7.0"
    blueimp-md5 "^2.10.0"
